
Microsoft Visual Studio Solution File, Format Version 12.00
# Visual Studio Version 17
VisualStudioVersion = 17.8.34309.116
MinimumVisualStudioVersion = 10.0.40219.1
Project("{FAE04EC0-301F-11D3-BF4B-00C04F79EFBC}") = "ExpenseApp", "ExpenseApp.csproj", "{5048C491-CA99-4F8A-890D-D7F5BAAAE82E}"
EndProject
Global
	GlobalSection(SolutionConfigurationPlatforms) = preSolution
		Debug|Any CPU = Debug|Any CPU
		Release|Any CPU = Release|Any CPU
	EndGlobalSection
	GlobalSection(ProjectConfigurationPlatforms) = postSolution
		{5048C491-CA99-4F8A-890D-D7F5BAAAE82E}.Debug|Any CPU.ActiveCfg = Debug|Any CPU
		{5048C491-CA99-4F8A-890D-D7F5BAAAE82E}.Debug|Any CPU.Build.0 = Debug|Any CPU
		{5048C491-CA99-4F8A-890D-D7F5BAAAE82E}.Debug|Any CPU.Deploy.0 = Debug|Any CPU
		{5048C491-CA99-4F8A-890D-D7F5BAAAE82E}.Release|Any CPU.ActiveCfg = Release|Any CPU
		{5048C491-CA99-4F8A-890D-D7F5BAAAE82E}.Release|Any CPU.Build.0 = Release|Any CPU
		{5048C491-CA99-4F8A-890D-D7F5BAAAE82E}.Release|Any CPU.Deploy.0 = Release|Any CPU
	EndGlobalSection
	GlobalSection(SolutionProperties) = preSolution
		HideSolutionNode = FALSE
	EndGlobalSection
	GlobalSection(ExtensibilityGlobals) = postSolution
		SolutionGuid = {FAED2B39-1C2D-41D8-8667-D314C219D1DE}
	EndGlobalSection
EndGlobal
